
Microsoft Visual Studio Solution File, Format Version 12.00
# Visual Studio Version 17
VisualStudioVersion = 17.0.31912.275
MinimumVisualStudioVersion = 10.0.40219.1
Project("{FAE04EC0-301F-11D3-BF4B-00C04F79EFBC}") = "WebAPIApp6AM", "WebAPIApp6AM\WebAPIApp6AM.csproj", "{9FF0C289-8C19-4548-A253-D52E2255D35E}"
EndProject
Project("{FAE04EC0-301F-11D3-BF4B-00C04F79EFBC}") = "DAL", "DAL\DAL.csproj", "{AEC8DEC5-25C6-4387-97CA-72BAA9793529}"
EndProject
Project("{FAE04EC0-301F-11D3-BF4B-00C04F79EFBC}") = "WebApp", "WebApp\WebApp.csproj", "{06FC9D13-85F6-40DB-B219-2A1EC2F75896}"
EndProject
Global
	GlobalSection(SolutionConfigurationPlatforms) = preSolution
		Debug|Any CPU = Debug|Any CPU
		Release|Any CPU = Release|Any CPU
	EndGlobalSection
	GlobalSection(ProjectConfigurationPlatforms) = postSolution
		{9FF0C289-8C19-4548-A253-D52E2255D35E}.Debug|Any CPU.ActiveCfg = Debug|Any CPU
		{9FF0C289-8C19-4548-A253-D52E2255D35E}.Debug|Any CPU.Build.0 = Debug|Any CPU
		{9FF0C289-8C19-4548-A253-D52E2255D35E}.Release|Any CPU.ActiveCfg = Release|Any CPU
		{9FF0C289-8C19-4548-A253-D52E2255D35E}.Release|Any CPU.Build.0 = Release|Any CPU
		{AEC8DEC5-25C6-4387-97CA-72BAA9793529}.Debug|Any CPU.ActiveCfg = Debug|Any CPU
		{AEC8DEC5-25C6-4387-97CA-72BAA9793529}.Debug|Any CPU.Build.0 = Debug|Any CPU
		{AEC8DEC5-25C6-4387-97CA-72BAA9793529}.Release|Any CPU.ActiveCfg = Release|Any CPU
		{AEC8DEC5-25C6-4387-97CA-72BAA9793529}.Release|Any CPU.Build.0 = Release|Any CPU
		{06FC9D13-85F6-40DB-B219-2A1EC2F75896}.Debug|Any CPU.ActiveCfg = Debug|Any CPU
		{06FC9D13-85F6-40DB-B219-2A1EC2F75896}.Debug|Any CPU.Build.0 = Debug|Any CPU
		{06FC9D13-85F6-40DB-B219-2A1EC2F75896}.Release|Any CPU.ActiveCfg = Release|Any CPU
		{06FC9D13-85F6-40DB-B219-2A1EC2F75896}.Release|Any CPU.Build.0 = Release|Any CPU
	EndGlobalSection
	GlobalSection(SolutionProperties) = preSolution
		HideSolutionNode = FALSE
	EndGlobalSection
	GlobalSection(ExtensibilityGlobals) = postSolution
		SolutionGuid = {DF7E2725-5870-4175-9619-7AF90546EB38}
	EndGlobalSection
EndGlobal
